
Microsoft Visual Studio Solution File, Format Version 12.00
# Visual Studio Version 17
VisualStudioVersion = 17.10.35013.160
MinimumVisualStudioVersion = 10.0.40219.1
Project("{FAE04EC0-301F-11D3-BF4B-00C04F79EFBC}") = "baitap4_quanlykhupho", "baitap4_quanlykhupho\baitap4_quanlykhupho.csproj", "{3B6DF84C-2885-41CC-A3B2-FADD30B8CD97}"
EndProject
Global
	GlobalSection(SolutionConfigurationPlatforms) = preSolution
		Debug|Any CPU = Debug|Any CPU
		Release|Any CPU = Release|Any CPU
	EndGlobalSection
	GlobalSection(ProjectConfigurationPlatforms) = postSolution
		{3B6DF84C-2885-41CC-A3B2-FADD30B8CD97}.Debug|Any CPU.ActiveCfg = Debug|Any CPU
		{3B6DF84C-2885-41CC-A3B2-FADD30B8CD97}.Debug|Any CPU.Build.0 = Debug|Any CPU
		{3B6DF84C-2885-41CC-A3B2-FADD30B8CD97}.Release|Any CPU.ActiveCfg = Release|Any CPU
		{3B6DF84C-2885-41CC-A3B2-FADD30B8CD97}.Release|Any CPU.Build.0 = Release|Any CPU
	EndGlobalSection
	GlobalSection(SolutionProperties) = preSolution
		HideSolutionNode = FALSE
	EndGlobalSection
	GlobalSection(ExtensibilityGlobals) = postSolution
		SolutionGuid = {8ADD206D-3E46-45D0-9426-FF4ADC3737EF}
	EndGlobalSection
EndGlobal
